
Microsoft Visual Studio Solution File, Format Version 12.00
# Visual Studio Version 17
VisualStudioVersion = 17.4.33110.190
MinimumVisualStudioVersion = 10.0.40219.1
Project("{FAE04EC0-301F-11D3-BF4B-00C04F79EFBC}") = "päivienero", "päivienero\päivienero.csproj", "{A89FFBBF-132A-4A65-B751-2B50C0234E74}"
EndProject
Global
	GlobalSection(SolutionConfigurationPlatforms) = preSolution
		Debug|Any CPU = Debug|Any CPU
		Release|Any CPU = Release|Any CPU
	EndGlobalSection
	GlobalSection(ProjectConfigurationPlatforms) = postSolution
		{A89FFBBF-132A-4A65-B751-2B50C0234E74}.Debug|Any CPU.ActiveCfg = Debug|Any CPU
		{A89FFBBF-132A-4A65-B751-2B50C0234E74}.Debug|Any CPU.Build.0 = Debug|Any CPU
		{A89FFBBF-132A-4A65-B751-2B50C0234E74}.Release|Any CPU.ActiveCfg = Release|Any CPU
		{A89FFBBF-132A-4A65-B751-2B50C0234E74}.Release|Any CPU.Build.0 = Release|Any CPU
	EndGlobalSection
	GlobalSection(SolutionProperties) = preSolution
		HideSolutionNode = FALSE
	EndGlobalSection
	GlobalSection(ExtensibilityGlobals) = postSolution
		SolutionGuid = {92422E43-7188-4C0C-A6E0-A5D45AF0787F}
	EndGlobalSection
EndGlobal
